// !$*UTF8*$!
{
	archiveVersion = 1;
	classes = {
	};
	objectVersion = 50;
	objects = {

/* Begin PBXBuildFile section */
		7814A21A22E0187200C4B5A9 /* AppDelegate.m in Sources */ = {isa = PBXBuildFile; fileRef = 7814A21922E0187200C4B5A9 /* AppDelegate.m */; };
		7814A22222E0187400C4B5A9 /* Assets.xcassets in Resources */ = {isa = PBXBuildFile; fileRef = 7814A22122E0187400C4B5A9 /* Assets.xcassets */; };
		7814A22522E0187400C4B5A9 /* LaunchScreen.storyboard in Resources */ = {isa = PBXBuildFile; fileRef = 7814A22322E0187400C4B5A9 /* LaunchScreen.storyboard */; };
		7814A22822E0187400C4B5A9 /* main.m in Sources */ = {isa = PBXBuildFile; fileRef = 7814A22722E0187400C4B5A9 /* main.m */; };
		7814A23222E0187500C4B5A9 /* NavigationBarStyleKeeperTests.m in Sources */ = {isa = PBXBuildFile; fileRef = 7814A23122E0187500C4B5A9 /* NavigationBarStyleKeeperTests.m */; };
		7814A23D22E0187500C4B5A9 /* NavigationBarStyleKeeperUITests.m in Sources */ = {isa = PBXBuildFile; fileRef = 7814A23C22E0187500C4B5A9 /* NavigationBarStyleKeeperUITests.m */; };
		7814A24D22E01A7200C4B5A9 /* RootNavigationViewController.m in Sources */ = {isa = PBXBuildFile; fileRef = 7814A24C22E01A7200C4B5A9 /* RootNavigationViewController.m */; };
		7814A25422E01AE900C4B5A9 /* RootViewController.m in Sources */ = {isa = PBXBuildFile; fileRef = 7814A25222E01AE900C4B5A9 /* RootViewController.m */; };
		7814A25522E01AE900C4B5A9 /* RootViewController.xib in Resources */ = {isa = PBXBuildFile; fileRef = 7814A25322E01AE900C4B5A9 /* RootViewController.xib */; };
		7814A25A22E01EF800C4B5A9 /* ViewControllerA.m in Sources */ = {isa = PBXBuildFile; fileRef = 7814A25822E01EF800C4B5A9 /* ViewControllerA.m */; };
		7814A25B22E01EF800C4B5A9 /* ViewControllerA.xib in Resources */ = {isa = PBXBuildFile; fileRef = 7814A25922E01EF800C4B5A9 /* ViewControllerA.xib */; };
		7814A25F22E01F0400C4B5A9 /* ViewControllerB.m in Sources */ = {isa = PBXBuildFile; fileRef = 7814A25D22E01F0400C4B5A9 /* ViewControllerB.m */; };
		7814A26022E01F0400C4B5A9 /* ViewControllerB.xib in Resources */ = {isa = PBXBuildFile; fileRef = 7814A25E22E01F0400C4B5A9 /* ViewControllerB.xib */; };
		7814A26422E01F0F00C4B5A9 /* ViewControllerC.m in Sources */ = {isa = PBXBuildFile; fileRef = 7814A26222E01F0F00C4B5A9 /* ViewControllerC.m */; };
		7814A26522E01F0F00C4B5A9 /* ViewControllerC.xib in Resources */ = {isa = PBXBuildFile; fileRef = 7814A26322E01F0F00C4B5A9 /* ViewControllerC.xib */; };
		7814A26922E025F500C4B5A9 /* UIViewController+CustomStyle.m in Sources */ = {isa = PBXBuildFile; fileRef = 7814A26822E025F500C4B5A9 /* UIViewController+CustomStyle.m */; };
/* End PBXBuildFile section */

/* Begin PBXContainerItemProxy section */
		7814A22E22E0187500C4B5A9 /* PBXContainerItemProxy */ = {
			isa = PBXContainerItemProxy;
			containerPortal = 7814A20D22E0187200C4B5A9 /* Project object */;
			proxyType = 1;
			remoteGlobalIDString = 7814A21422E0187200C4B5A9;
			remoteInfo = NavigationBarStyleKeeper;
		};
		7814A23922E0187500C4B5A9 /* PBXContainerItemProxy */ = {
			isa = PBXContainerItemProxy;
			containerPortal = 7814A20D22E0187200C4B5A9 /* Project object */;
			proxyType = 1;
			remoteGlobalIDString = 7814A21422E0187200C4B5A9;
			remoteInfo = NavigationBarStyleKeeper;
		};
/* End PBXContainerItemProxy section */

/* Begin PBXFileReference section */
		7814A21522E0187200C4B5A9 /* NavigationBarStyleKeeper.app */ = {isa = PBXFileReference; explicitFileType = wrapper.application; includeInIndex = 0; path = NavigationBarStyleKeeper.app; sourceTree = BUILT_PRODUCTS_DIR; };
		7814A21822E0187200C4B5A9 /* AppDelegate.h */ = {isa = PBXFileReference; lastKnownFileType = sourcecode.c.h; path = AppDelegate.h; sourceTree = "<group>"; };
		7814A21922E0187200C4B5A9 /* AppDelegate.m */ = {isa = PBXFileReference; lastKnownFileType = sourcecode.c.objc; path = AppDelegate.m; sourceTree = "<group>"; };
		7814A22122E0187400C4B5A9 /* Assets.xcassets */ = {isa = PBXFileReference; lastKnownFileType = folder.assetcatalog; path = Assets.xcassets; sourceTree = "<group>"; };
		7814A22422E0187400C4B5A9 /* Base */ = {isa = PBXFileReference; lastKnownFileType = file.storyboard; name = Base; path = Base.lproj/LaunchScreen.storyboard; sourceTree = "<group>"; };
		7814A22622E0187400C4B5A9 /* Info.plist */ = {isa = PBXFileReference; lastKnownFileType = text.plist.xml; path = Info.plist; sourceTree = "<group>"; };
		7814A22722E0187400C4B5A9 /* main.m */ = {isa = PBXFileReference; lastKnownFileType = sourcecode.c.objc; path = main.m; sourceTree = "<group>"; };
		7814A22D22E0187500C4B5A9 /* NavigationBarStyleKeeperTests.xctest */ = {isa = PBXFileReference; explicitFileType = wrapper.cfbundle; includeInIndex = 0; path = NavigationBarStyleKeeperTests.xctest; sourceTree = BUILT_PRODUCTS_DIR; };
		7814A23122E0187500C4B5A9 /* NavigationBarStyleKeeperTests.m */ = {isa = PBXFileReference; lastKnownFileType = sourcecode.c.objc; path = NavigationBarStyleKeeperTests.m; sourceTree = "<group>"; };
		7814A23322E0187500C4B5A9 /* Info.plist */ = {isa = PBXFileReference; lastKnownFileType = text.plist.xml; path = Info.plist; sourceTree = "<group>"; };
		7814A23822E0187500C4B5A9 /* NavigationBarStyleKeeperUITests.xctest */ = {isa = PBXFileReference; explicitFileType = wrapper.cfbundle; includeInIndex = 0; path = NavigationBarStyleKeeperUITests.xctest; sourceTree = BUILT_PRODUCTS_DIR; };
		7814A23C22E0187500C4B5A9 /* NavigationBarStyleKeeperUITests.m */ = {isa = PBXFileReference; lastKnownFileType = sourcecode.c.objc; path = NavigationBarStyleKeeperUITests.m; sourceTree = "<group>"; };
		7814A23E22E0187500C4B5A9 /* Info.plist */ = {isa = PBXFileReference; lastKnownFileType = text.plist.xml; path = Info.plist; sourceTree = "<group>"; };
		7814A24B22E01A7100C4B5A9 /* RootNavigationViewController.h */ = {isa = PBXFileReference; lastKnownFileType = sourcecode.c.h; path = RootNavigationViewController.h; sourceTree = "<group>"; };
		7814A24C22E01A7200C4B5A9 /* RootNavigationViewController.m */ = {isa = PBXFileReference; lastKnownFileType = sourcecode.c.objc; path = RootNavigationViewController.m; sourceTree = "<group>"; };
		7814A25122E01AE900C4B5A9 /* RootViewController.h */ = {isa = PBXFileReference; lastKnownFileType = sourcecode.c.h; path = RootViewController.h; sourceTree = "<group>"; };
		7814A25222E01AE900C4B5A9 /* RootViewController.m */ = {isa = PBXFileReference; lastKnownFileType = sourcecode.c.objc; path = RootViewController.m; sourceTree = "<group>"; };
		7814A25322E01AE900C4B5A9 /* RootViewController.xib */ = {isa = PBXFileReference; lastKnownFileType = file.xib; path = RootViewController.xib; sourceTree = "<group>"; };
		7814A25722E01EF800C4B5A9 /* ViewControllerA.h */ = {isa = PBXFileReference; lastKnownFileType = sourcecode.c.h; path = ViewControllerA.h; sourceTree = "<group>"; };
		7814A25822E01EF800C4B5A9 /* ViewControllerA.m */ = {isa = PBXFileReference; lastKnownFileType = sourcecode.c.objc; path = ViewControllerA.m; sourceTree = "<group>"; };
		7814A25922E01EF800C4B5A9 /* ViewControllerA.xib */ = {isa = PBXFileReference; lastKnownFileType = file.xib; path = ViewControllerA.xib; sourceTree = "<group>"; };
		7814A25C22E01F0400C4B5A9 /* ViewControllerB.h */ = {isa = PBXFileReference; lastKnownFileType = sourcecode.c.h; path = ViewControllerB.h; sourceTree = "<group>"; };
		7814A25D22E01F0400C4B5A9 /* ViewControllerB.m */ = {isa = PBXFileReference; lastKnownFileType = sourcecode.c.objc; path = ViewControllerB.m; sourceTree = "<group>"; };
		7814A25E22E01F0400C4B5A9 /* ViewControllerB.xib */ = {isa = PBXFileReference; lastKnownFileType = file.xib; path = ViewControllerB.xib; sourceTree = "<group>"; };
		7814A26122E01F0F00C4B5A9 /* ViewControllerC.h */ = {isa = PBXFileReference; lastKnownFileType = sourcecode.c.h; path = ViewControllerC.h; sourceTree = "<group>"; };
		7814A26222E01F0F00C4B5A9 /* ViewControllerC.m */ = {isa = PBXFileReference; lastKnownFileType = sourcecode.c.objc; path = ViewControllerC.m; sourceTree = "<group>"; };
		7814A26322E01F0F00C4B5A9 /* ViewControllerC.xib */ = {isa = PBXFileReference; lastKnownFileType = file.xib; path = ViewControllerC.xib; sourceTree = "<group>"; };
		7814A26722E025F500C4B5A9 /* UIViewController+CustomStyle.h */ = {isa = PBXFileReference; lastKnownFileType = sourcecode.c.h; path = "UIViewController+CustomStyle.h"; sourceTree = "<group>"; };
		7814A26822E025F500C4B5A9 /* UIViewController+CustomStyle.m */ = {isa = PBXFileReference; lastKnownFileType = sourcecode.c.objc; path = "UIViewController+CustomStyle.m"; sourceTree = "<group>"; };
/* End PBXFileReference section */

/* Begin PBXFrameworksBuildPhase section */
		7814A21222E0187200C4B5A9 /* Frameworks */ = {
			isa = PBXFrameworksBuildPhase;
			buildActionMask = 2147483647;
			files = (
			);
			runOnlyForDeploymentPostprocessing = 0;
		};
		7814A22A22E0187500C4B5A9 /* Frameworks */ = {
			isa = PBXFrameworksBuildPhase;
			buildActionMask = 2147483647;
			files = (
			);
			runOnlyForDeploymentPostprocessing = 0;
		};
		7814A23522E0187500C4B5A9 /* Frameworks */ = {
			isa = PBXFrameworksBuildPhase;
			buildActionMask = 2147483647;
			files = (
			);
			runOnlyForDeploymentPostprocessing = 0;
		};
/* End PBXFrameworksBuildPhase section */

/* Begin PBXGroup section */
		7814A20C22E0187200C4B5A9 = {
			isa = PBXGroup;
			children = (
				7814A21722E0187200C4B5A9 /* NavigationBarStyleKeeper */,
				7814A23022E0187500C4B5A9 /* NavigationBarStyleKeeperTests */,
				7814A23B22E0187500C4B5A9 /* NavigationBarStyleKeeperUITests */,
				7814A21622E0187200C4B5A9 /* Products */,
			);
			sourceTree = "<group>";
		};
		7814A21622E0187200C4B5A9 /* Products */ = {
			isa = PBXGroup;
			children = (
				7814A21522E0187200C4B5A9 /* NavigationBarStyleKeeper.app */,
				7814A22D22E0187500C4B5A9 /* NavigationBarStyleKeeperTests.xctest */,
				7814A23822E0187500C4B5A9 /* NavigationBarStyleKeeperUITests.xctest */,
			);
			name = Products;
			sourceTree = "<group>";
		};
		7814A21722E0187200C4B5A9 /* NavigationBarStyleKeeper */ = {
			isa = PBXGroup;
			children = (
				7814A24A22E01A3800C4B5A9 /* Demo */,
				7814A21822E0187200C4B5A9 /* AppDelegate.h */,
				7814A21922E0187200C4B5A9 /* AppDelegate.m */,
				7814A22122E0187400C4B5A9 /* Assets.xcassets */,
				7814A22322E0187400C4B5A9 /* LaunchScreen.storyboard */,
				7814A22622E0187400C4B5A9 /* Info.plist */,
				7814A22722E0187400C4B5A9 /* main.m */,
			);
			path = NavigationBarStyleKeeper;
			sourceTree = "<group>";
		};
		7814A23022E0187500C4B5A9 /* NavigationBarStyleKeeperTests */ = {
			isa = PBXGroup;
			children = (
				7814A23122E0187500C4B5A9 /* NavigationBarStyleKeeperTests.m */,
				7814A23322E0187500C4B5A9 /* Info.plist */,
			);
			path = NavigationBarStyleKeeperTests;
			sourceTree = "<group>";
		};
		7814A23B22E0187500C4B5A9 /* NavigationBarStyleKeeperUITests */ = {
			isa = PBXGroup;
			children = (
				7814A23C22E0187500C4B5A9 /* NavigationBarStyleKeeperUITests.m */,
				7814A23E22E0187500C4B5A9 /* Info.plist */,
			);
			path = NavigationBarStyleKeeperUITests;
			sourceTree = "<group>";
		};
		7814A24A22E01A3800C4B5A9 /* Demo */ = {
			isa = PBXGroup;
			children = (
				7814A26622E025C400C4B5A9 /* Category */,
				7814A25622E01EE400C4B5A9 /* ViewControllers */,
				7814A24B22E01A7100C4B5A9 /* RootNavigationViewController.h */,
				7814A24C22E01A7200C4B5A9 /* RootNavigationViewController.m */,
				7814A25122E01AE900C4B5A9 /* RootViewController.h */,
				7814A25222E01AE900C4B5A9 /* RootViewController.m */,
				7814A25322E01AE900C4B5A9 /* RootViewController.xib */,
			);
			path = Demo;
			sourceTree = "<group>";
		};
		7814A25622E01EE400C4B5A9 /* ViewControllers */ = {
			isa = PBXGroup;
			children = (
				7814A25722E01EF800C4B5A9 /* ViewControllerA.h */,
				7814A25822E01EF800C4B5A9 /* ViewControllerA.m */,
				7814A25922E01EF800C4B5A9 /* ViewControllerA.xib */,
				7814A25C22E01F0400C4B5A9 /* ViewControllerB.h */,
				7814A25D22E01F0400C4B5A9 /* ViewControllerB.m */,
				7814A25E22E01F0400C4B5A9 /* ViewControllerB.xib */,
				7814A26122E01F0F00C4B5A9 /* ViewControllerC.h */,
				7814A26222E01F0F00C4B5A9 /* ViewControllerC.m */,
				7814A26322E01F0F00C4B5A9 /* ViewControllerC.xib */,
			);
			path = ViewControllers;
			sourceTree = "<group>";
		};
		7814A26622E025C400C4B5A9 /* Category */ = {
			isa = PBXGroup;
			children = (
				7814A26722E025F500C4B5A9 /* UIViewController+CustomStyle.h */,
				7814A26822E025F500C4B5A9 /* UIViewController+CustomStyle.m */,
			);
			path = Category;
			sourceTree = "<group>";
		};
/* End PBXGroup section */

/* Begin PBXNativeTarget section */
		7814A21422E0187200C4B5A9 /* NavigationBarStyleKeeper */ = {
			isa = PBXNativeTarget;
			buildConfigurationList = 7814A24122E0187500C4B5A9 /* Build configuration list for PBXNativeTarget "NavigationBarStyleKeeper" */;
			buildPhases = (
				7814A21122E0187200C4B5A9 /* Sources */,
				7814A21222E0187200C4B5A9 /* Frameworks */,
				7814A21322E0187200C4B5A9 /* Resources */,
			);
			buildRules = (
			);
			dependencies = (
			);
			name = NavigationBarStyleKeeper;
			productName = NavigationBarStyleKeeper;
			productReference = 7814A21522E0187200C4B5A9 /* NavigationBarStyleKeeper.app */;
			productType = "com.apple.product-type.application";
		};
		7814A22C22E0187500C4B5A9 /* NavigationBarStyleKeeperTests */ = {
			isa = PBXNativeTarget;
			buildConfigurationList = 7814A24422E0187500C4B5A9 /* Build configuration list for PBXNativeTarget "NavigationBarStyleKeeperTests" */;
			buildPhases = (
				7814A22922E0187500C4B5A9 /* Sources */,
				7814A22A22E0187500C4B5A9 /* Frameworks */,
				7814A22B22E0187500C4B5A9 /* Resources */,
			);
			buildRules = (
			);
			dependencies = (
				7814A22F22E0187500C4B5A9 /* PBXTargetDependency */,
			);
			name = NavigationBarStyleKeeperTests;
			productName = NavigationBarStyleKeeperTests;
			productReference = 7814A22D22E0187500C4B5A9 /* NavigationBarStyleKeeperTests.xctest */;
			productType = "com.apple.product-type.bundle.unit-test";
		};
		7814A23722E0187500C4B5A9 /* NavigationBarStyleKeeperUITests */ = {
			isa = PBXNativeTarget;
			buildConfigurationList = 7814A24722E0187500C4B5A9 /* Build configuration list for PBXNativeTarget "NavigationBarStyleKeeperUITests" */;
			buildPhases = (
				7814A23422E0187500C4B5A9 /* Sources */,
				7814A23522E0187500C4B5A9 /* Frameworks */,
				7814A23622E0187500C4B5A9 /* Resources */,
			);
			buildRules = (
			);
			dependencies = (
				7814A23A22E0187500C4B5A9 /* PBXTargetDependency */,
			);
			name = NavigationBarStyleKeeperUITests;
			productName = NavigationBarStyleKeeperUITests;
			productReference = 7814A23822E0187500C4B5A9 /* NavigationBarStyleKeeperUITests.xctest */;
			productType = "com.apple.product-type.bundle.ui-testing";
		};
/* End PBXNativeTarget section */

/* Begin PBXProject section */
		7814A20D22E0187200C4B5A9 /* Project object */ = {
			isa = PBXProject;
			attributes = {
				LastUpgradeCheck = 1020;
				ORGANIZATIONNAME = Johnny;
				TargetAttributes = {
					7814A21422E0187200C4B5A9 = {
						CreatedOnToolsVersion = 10.2.1;
					};
					7814A22C22E0187500C4B5A9 = {
						CreatedOnToolsVersion = 10.2.1;
						TestTargetID = 7814A21422E0187200C4B5A9;
					};
					7814A23722E0187500C4B5A9 = {
						CreatedOnToolsVersion = 10.2.1;
						TestTargetID = 7814A21422E0187200C4B5A9;
					};
				};
			};
			buildConfigurationList = 7814A21022E0187200C4B5A9 /* Build configuration list for PBXProject "NavigationBarStyleKeeper" */;
			compatibilityVersion = "Xcode 9.3";
			developmentRegion = en;
			hasScannedForEncodings = 0;
			knownRegions = (
				en,
				Base,
			);
			mainGroup = 7814A20C22E0187200C4B5A9;
			productRefGroup = 7814A21622E0187200C4B5A9 /* Products */;
			projectDirPath = "";
			projectRoot = "";
			targets = (
				7814A21422E0187200C4B5A9 /* NavigationBarStyleKeeper */,
				7814A22C22E0187500C4B5A9 /* NavigationBarStyleKeeperTests */,
				7814A23722E0187500C4B5A9 /* NavigationBarStyleKeeperUITests */,
			);
		};
/* End PBXProject section */

/* Begin PBXResourcesBuildPhase section */
		7814A21322E0187200C4B5A9 /* Resources */ = {
			isa = PBXResourcesBuildPhase;
			buildActionMask = 2147483647;
			files = (
				7814A26522E01F0F00C4B5A9 /* ViewControllerC.xib in Resources */,
				7814A25B22E01EF800C4B5A9 /* ViewControllerA.xib in Resources */,
				7814A22522E0187400C4B5A9 /* LaunchScreen.storyboard in Resources */,
				7814A22222E0187400C4B5A9 /* Assets.xcassets in Resources */,
				7814A25522E01AE900C4B5A9 /* RootViewController.xib in Resources */,
				7814A26022E01F0400C4B5A9 /* ViewControllerB.xib in Resources */,
			);
			runOnlyForDeploymentPostprocessing = 0;
		};
		7814A22B22E0187500C4B5A9 /* Resources */ = {
			isa = PBXResourcesBuildPhase;
			buildActionMask = 2147483647;
			files = (
			);
			runOnlyForDeploymentPostprocessing = 0;
		};
		7814A23622E0187500C4B5A9 /* Resources */ = {
			isa = PBXResourcesBuildPhase;
			buildActionMask = 2147483647;
			files = (
			);
			runOnlyForDeploymentPostprocessing = 0;
		};
/* End PBXResourcesBuildPhase section */

/* Begin PBXSourcesBuildPhase section */
		7814A21122E0187200C4B5A9 /* Sources */ = {
			isa = PBXSourcesBuildPhase;
			buildActionMask = 2147483647;
			files = (
				7814A24D22E01A7200C4B5A9 /* RootNavigationViewController.m in Sources */,
				7814A22822E0187400C4B5A9 /* main.m in Sources */,
				7814A25A22E01EF800C4B5A9 /* ViewControllerA.m in Sources */,
				7814A25422E01AE900C4B5A9 /* RootViewController.m in Sources */,
				7814A26422E01F0F00C4B5A9 /* ViewControllerC.m in Sources */,
				7814A26922E025F500C4B5A9 /* UIViewController+CustomStyle.m in Sources */,
				7814A21A22E0187200C4B5A9 /* AppDelegate.m in Sources */,
				7814A25F22E01F0400C4B5A9 /* ViewControllerB.m in Sources */,
			);
			runOnlyForDeploymentPostprocessing = 0;
		};
		7814A22922E0187500C4B5A9 /* Sources */ = {
			isa = PBXSourcesBuildPhase;
			buildActionMask = 2147483647;
			files = (
				7814A23222E0187500C4B5A9 /* NavigationBarStyleKeeperTests.m in Sources */,
			);
			runOnlyForDeploymentPostprocessing = 0;
		};
		7814A23422E0187500C4B5A9 /* Sources */ = {
			isa = PBXSourcesBuildPhase;
			buildActionMask = 2147483647;
			files = (
				7814A23D22E0187500C4B5A9 /* NavigationBarStyleKeeperUITests.m in Sources */,
			);
			runOnlyForDeploymentPostprocessing = 0;
		};
/* End PBXSourcesBuildPhase section */

/* Begin PBXTargetDependency section */
		7814A22F22E0187500C4B5A9 /* PBXTargetDependency */ = {
			isa = PBXTargetDependency;
			target = 7814A21422E0187200C4B5A9 /* NavigationBarStyleKeeper */;
			targetProxy = 7814A22E22E0187500C4B5A9 /* PBXContainerItemProxy */;
		};
		7814A23A22E0187500C4B5A9 /* PBXTargetDependency */ = {
			isa = PBXTargetDependency;
			target = 7814A21422E0187200C4B5A9 /* NavigationBarStyleKeeper */;
			targetProxy = 7814A23922E0187500C4B5A9 /* PBXContainerItemProxy */;
		};
/* End PBXTargetDependency section */

/* Begin PBXVariantGroup section */
		7814A22322E0187400C4B5A9 /* LaunchScreen.storyboard */ = {
			isa = PBXVariantGroup;
			children = (
				7814A22422E0187400C4B5A9 /* Base */,
			);
			name = LaunchScreen.storyboard;
			sourceTree = "<group>";
		};
/* End PBXVariantGroup section */

/* Begin XCBuildConfiguration section */
		7814A23F22E0187500C4B5A9 /* Debug */ = {
			isa = XCBuildConfiguration;
			buildSettings = {
				ALWAYS_SEARCH_USER_PATHS = NO;
				CLANG_ANALYZER_NONNULL = YES;
				CLANG_ANALYZER_NUMBER_OBJECT_CONVERSION = YES_AGGRESSIVE;
				CLANG_CXX_LANGUAGE_STANDARD = "gnu++14";
				CLANG_CXX_LIBRARY = "libc++";
				CLANG_ENABLE_MODULES = YES;
				CLANG_ENABLE_OBJC_ARC = YES;
				CLANG_ENABLE_OBJC_WEAK = YES;
				CLANG_WARN_BLOCK_CAPTURE_AUTORELEASING = YES;
				CLANG_WARN_BOOL_CONVERSION = YES;
				CLANG_WARN_COMMA = YES;
				CLANG_WARN_CONSTANT_CONVERSION = YES;
				CLANG_WARN_DEPRECATED_OBJC_IMPLEMENTATIONS = YES;
				CLANG_WARN_DIRECT_OBJC_ISA_USAGE = YES_ERROR;
				CLANG_WARN_DOCUMENTATION_COMMENTS = YES;
				CLANG_WARN_EMPTY_BODY = YES;
				CLANG_WARN_ENUM_CONVERSION = YES;
				CLANG_WARN_INFINITE_RECURSION = YES;
				CLANG_WARN_INT_CONVERSION = YES;
				CLANG_WARN_NON_LITERAL_NULL_CONVERSION = YES;
				CLANG_WARN_OBJC_IMPLICIT_RETAIN_SELF = YES;
				CLANG_WARN_OBJC_LITERAL_CONVERSION = YES;
				CLANG_WARN_OBJC_ROOT_CLASS = YES_ERROR;
				CLANG_WARN_RANGE_LOOP_ANALYSIS = YES;
				CLANG_WARN_STRICT_PROTOTYPES = YES;
				CLANG_WARN_SUSPICIOUS_MOVE = YES;
				CLANG_WARN_UNGUARDED_AVAILABILITY = YES_AGGRESSIVE;
				CLANG_WARN_UNREACHABLE_CODE = YES;
				CLANG_WARN__DUPLICATE_METHOD_MATCH = YES;
				CODE_SIGN_IDENTITY = "iPhone Developer";
				COPY_PHASE_STRIP = NO;
				DEBUG_INFORMATION_FORMAT = dwarf;
				ENABLE_STRICT_OBJC_MSGSEND = YES;
				ENABLE_TESTABILITY = YES;
				GCC_C_LANGUAGE_STANDARD = gnu11;
				GCC_DYNAMIC_NO_PIC = NO;
				GCC_NO_COMMON_BLOCKS = YES;
				GCC_OPTIMIZATION_LEVEL = 0;
				GCC_PREPROCESSOR_DEFINITIONS = (
					"DEBUG=1",
					"$(inherited)",
				);
				GCC_WARN_64_TO_32_BIT_CONVERSION = YES;
				GCC_WARN_ABOUT_RETURN_TYPE = YES_ERROR;
				GCC_WARN_UNDECLARED_SELECTOR = YES;
				GCC_WARN_UNINITIALIZED_AUTOS = YES_AGGRESSIVE;
				GCC_WARN_UNUSED_FUNCTION = YES;
				GCC_WARN_UNUSED_VARIABLE = YES;
				IPHONEOS_DEPLOYMENT_TARGET = 12.2;
				MTL_ENABLE_DEBUG_INFO = INCLUDE_SOURCE;
				MTL_FAST_MATH = YES;
				ONLY_ACTIVE_ARCH = YES;
				SDKROOT = iphoneos;
			};
			name = Debug;
		};
		7814A24022E0187500C4B5A9 /* Release */ = {
			isa = XCBuildConfiguration;
			buildSettings = {
				ALWAYS_SEARCH_USER_PATHS = NO;
				CLANG_ANALYZER_NONNULL = YES;
				CLANG_ANALYZER_NUMBER_OBJECT_CONVERSION = YES_AGGRESSIVE;
				CLANG_CXX_LANGUAGE_STANDARD = "gnu++14";
				CLANG_CXX_LIBRARY = "libc++";
				CLANG_ENABLE_MODULES = YES;
				CLANG_ENABLE_OBJC_ARC = YES;
				CLANG_ENABLE_OBJC_WEAK = YES;
				CLANG_WARN_BLOCK_CAPTURE_AUTORELEASING = YES;
				CLANG_WARN_BOOL_CONVERSION = YES;
				CLANG_WARN_COMMA = YES;
				CLANG_WARN_CONSTANT_CONVERSION = YES;
				CLANG_WARN_DEPRECATED_OBJC_IMPLEMENTATIONS = YES;
				CLANG_WARN_DIRECT_OBJC_ISA_USAGE = YES_ERROR;
				CLANG_WARN_DOCUMENTATION_COMMENTS = YES;
				CLANG_WARN_EMPTY_BODY = YES;
				CLANG_WARN_ENUM_CONVERSION = YES;
				CLANG_WARN_INFINITE_RECURSION = YES;
				CLANG_WARN_INT_CONVERSION = YES;
				CLANG_WARN_NON_LITERAL_NULL_CONVERSION = YES;
				CLANG_WARN_OBJC_IMPLICIT_RETAIN_SELF = YES;
				CLANG_WARN_OBJC_LITERAL_CONVERSION = YES;
				CLANG_WARN_OBJC_ROOT_CLASS = YES_ERROR;
				CLANG_WARN_RANGE_LOOP_ANALYSIS = YES;
				CLANG_WARN_STRICT_PROTOTYPES = YES;
				CLANG_WARN_SUSPICIOUS_MOVE = YES;
				CLANG_WARN_UNGUARDED_AVAILABILITY = YES_AGGRESSIVE;
				CLANG_WARN_UNREACHABLE_CODE = YES;
				CLANG_WARN__DUPLICATE_METHOD_MATCH = YES;
				CODE_SIGN_IDENTITY = "iPhone Developer";
				COPY_PHASE_STRIP = NO;
				DEBUG_INFORMATION_FORMAT = "dwarf-with-dsym";
				ENABLE_NS_ASSERTIONS = NO;
				ENABLE_STRICT_OBJC_MSGSEND = YES;
				GCC_C_LANGUAGE_STANDARD = gnu11;
				GCC_NO_COMMON_BLOCKS = YES;
				GCC_WARN_64_TO_32_BIT_CONVERSION = YES;
				GCC_WARN_ABOUT_RETURN_TYPE = YES_ERROR;
				GCC_WARN_UNDECLARED_SELECTOR = YES;
				GCC_WARN_UNINITIALIZED_AUTOS = YES_AGGRESSIVE;
				GCC_WARN_UNUSED_FUNCTION = YES;
				GCC_WARN_UNUSED_VARIABLE = YES;
				IPHONEOS_DEPLOYMENT_TARGET = 12.2;
				MTL_ENABLE_DEBUG_INFO = NO;
				MTL_FAST_MATH = YES;
				SDKROOT = iphoneos;
				VALIDATE_PRODUCT = YES;
			};
			name = Release;
		};
		7814A24222E0187500C4B5A9 /* Debug */ = {
			isa = XCBuildConfiguration;
			buildSettings = {
				ASSETCATALOG_COMPILER_APPICON_NAME = AppIcon;
				CODE_SIGN_STYLE = Automatic;
				INFOPLIST_FILE = NavigationBarStyleKeeper/Info.plist;
				LD_RUNPATH_SEARCH_PATHS = (
					"$(inherited)",
					"@executable_path/Frameworks",
				);
				PRODUCT_BUNDLE_IDENTIFIER = John.NavigationBarStyleKeeper;
				PRODUCT_NAME = "$(TARGET_NAME)";
				TARGETED_DEVICE_FAMILY = "1,2";
			};
			name = Debug;
		};
		7814A24322E0187500C4B5A9 /* Release */ = {
			isa = XCBuildConfiguration;
			buildSettings = {
				ASSETCATALOG_COMPILER_APPICON_NAME = AppIcon;
				CODE_SIGN_STYLE = Automatic;
				INFOPLIST_FILE = NavigationBarStyleKeeper/Info.plist;
				LD_RUNPATH_SEARCH_PATHS = (
					"$(inherited)",
					"@executable_path/Frameworks",
				);
				PRODUCT_BUNDLE_IDENTIFIER = John.NavigationBarStyleKeeper;
				PRODUCT_NAME = "$(TARGET_NAME)";
				TARGETED_DEVICE_FAMILY = "1,2";
			};
			name = Release;
		};
		7814A24522E0187500C4B5A9 /* Debug */ = {
			isa = XCBuildConfiguration;
			buildSettings = {
				BUNDLE_LOADER = "$(TEST_HOST)";
				CODE_SIGN_STYLE = Automatic;
				INFOPLIST_FILE = NavigationBarStyleKeeperTests/Info.plist;
				LD_RUNPATH_SEARCH_PATHS = (
					"$(inherited)",
					"@executable_path/Frameworks",
					"@loader_path/Frameworks",
				);
				PRODUCT_BUNDLE_IDENTIFIER = John.NavigationBarStyleKeeperTests;
				PRODUCT_NAME = "$(TARGET_NAME)";
				TARGETED_DEVICE_FAMILY = "1,2";
				TEST_HOST = "$(BUILT_PRODUCTS_DIR)/NavigationBarStyleKeeper.app/NavigationBarStyleKeeper";
			};
			name = Debug;
		};
		7814A24622E0187500C4B5A9 /* Release */ = {
			isa = XCBuildConfiguration;
			buildSettings = {
				BUNDLE_LOADER = "$(TEST_HOST)";
				CODE_SIGN_STYLE = Automatic;
				INFOPLIST_FILE = NavigationBarStyleKeeperTests/Info.plist;
				LD_RUNPATH_SEARCH_PATHS = (
					"$(inherited)",
					"@executable_path/Frameworks",
					"@loader_path/Frameworks",
				);
				PRODUCT_BUNDLE_IDENTIFIER = John.NavigationBarStyleKeeperTests;
				PRODUCT_NAME = "$(TARGET_NAME)";
				TARGETED_DEVICE_FAMILY = "1,2";
				TEST_HOST = "$(BUILT_PRODUCTS_DIR)/NavigationBarStyleKeeper.app/NavigationBarStyleKeeper";
			};
			name = Release;
		};
		7814A24822E0187500C4B5A9 /* Debug */ = {
			isa = XCBuildConfiguration;
			buildSettings = {
				CODE_SIGN_STYLE = Automatic;
				INFOPLIST_FILE = NavigationBarStyleKeeperUITests/Info.plist;
				LD_RUNPATH_SEARCH_PATHS = (
					"$(inherited)",
					"@executable_path/Frameworks",
					"@loader_path/Frameworks",
				);
				PRODUCT_BUNDLE_IDENTIFIER = John.NavigationBarStyleKeeperUITests;
				PRODUCT_NAME = "$(TARGET_NAME)";
				TARGETED_DEVICE_FAMILY = "1,2";
				TEST_TARGET_NAME = NavigationBarStyleKeeper;
			};
			name = Debug;
		};
		7814A24922E0187500C4B5A9 /* Release */ = {
			isa = XCBuildConfiguration;
			buildSettings = {
				CODE_SIGN_STYLE = Automatic;
				INFOPLIST_FILE = NavigationBarStyleKeeperUITests/Info.plist;
				LD_RUNPATH_SEARCH_PATHS = (
					"$(inherited)",
					"@executable_path/Frameworks",
					"@loader_path/Frameworks",
				);
				PRODUCT_BUNDLE_IDENTIFIER = John.NavigationBarStyleKeeperUITests;
				PRODUCT_NAME = "$(TARGET_NAME)";
				TARGETED_DEVICE_FAMILY = "1,2";
				TEST_TARGET_NAME = NavigationBarStyleKeeper;
			};
			name = Release;
		};
/* End XCBuildConfiguration section */

/* Begin XCConfigurationList section */
		7814A21022E0187200C4B5A9 /* Build configuration list for PBXProject "NavigationBarStyleKeeper" */ = {
			isa = XCConfigurationList;
			buildConfigurations = (
				7814A23F22E0187500C4B5A9 /* Debug */,
				7814A24022E0187500C4B5A9 /* Release */,
			);
			defaultConfigurationIsVisible = 0;
			defaultConfigurationName = Release;
		};
		7814A24122E0187500C4B5A9 /* Build configuration list for PBXNativeTarget "NavigationBarStyleKeeper" */ = {
			isa = XCConfigurationList;
			buildConfigurations = (
				7814A24222E0187500C4B5A9 /* Debug */,
				7814A24322E0187500C4B5A9 /* Release */,
			);
			defaultConfigurationIsVisible = 0;
			defaultConfigurationName = Release;
		};
		7814A24422E0187500C4B5A9 /* Build configuration list for PBXNativeTarget "NavigationBarStyleKeeperTests" */ = {
			isa = XCConfigurationList;
			buildConfigurations = (
				7814A24522E0187500C4B5A9 /* Debug */,
				7814A24622E0187500C4B5A9 /* Release */,
			);
			defaultConfigurationIsVisible = 0;
			defaultConfigurationName = Release;
		};
		7814A24722E0187500C4B5A9 /* Build configuration list for PBXNativeTarget "NavigationBarStyleKeeperUITests" */ = {
			isa = XCConfigurationList;
			buildConfigurations = (
				7814A24822E0187500C4B5A9 /* Debug */,
				7814A24922E0187500C4B5A9 /* Release */,
			);
			defaultConfigurationIsVisible = 0;
			defaultConfigurationName = Release;
		};
/* End XCConfigurationList section */
	};
	rootObject = 7814A20D22E0187200C4B5A9 /* Project object */;
}
